// !$*UTF8*$!
{
	archiveVersion = 1;
	classes = {
	};
	objectVersion = 50;
	objects = {

/* Begin PBXBuildFile section */
		2744492C24A2AB6700061ADA /* CoronaWidgetApp.swift in Sources */ = {isa = PBXBuildFile; fileRef = 2744491924A2AB6600061ADA /* CoronaWidgetApp.swift */; };
		2744492D24A2AB6700061ADA /* CoronaWidgetApp.swift in Sources */ = {isa = PBXBuildFile; fileRef = 2744491924A2AB6600061ADA /* CoronaWidgetApp.swift */; };
		2744492E24A2AB6700061ADA /* ContentView.swift in Sources */ = {isa = PBXBuildFile; fileRef = 2744491A24A2AB6600061ADA /* ContentView.swift */; };
		2744492F24A2AB6700061ADA /* ContentView.swift in Sources */ = {isa = PBXBuildFile; fileRef = 2744491A24A2AB6600061ADA /* ContentView.swift */; };
		2744493024A2AB6700061ADA /* Assets.xcassets in Resources */ = {isa = PBXBuildFile; fileRef = 2744491B24A2AB6700061ADA /* Assets.xcassets */; };
		2744493124A2AB6700061ADA /* Assets.xcassets in Resources */ = {isa = PBXBuildFile; fileRef = 2744491B24A2AB6700061ADA /* Assets.xcassets */; };
		2744495624A2AF6800061ADA /* WidgetKit.framework in Frameworks */ = {isa = PBXBuildFile; fileRef = 2744494024A2AE3B00061ADA /* WidgetKit.framework */; };
		2744495724A2AF6800061ADA /* SwiftUI.framework in Frameworks */ = {isa = PBXBuildFile; fileRef = 2744494224A2AE3B00061ADA /* SwiftUI.framework */; };
		2744496324A2AF6A00061ADA /* QuickCheckWidgetExtension.appex in Embed App Extensions */ = {isa = PBXBuildFile; fileRef = 2744495524A2AF6800061ADA /* QuickCheckWidgetExtension.appex */; settings = {ATTRIBUTES = (RemoveHeadersOnCopy, ); }; };
		27681D0224A4451300600C93 /* QuickCheckIntentExtension.appex in Embed App Extensions */ = {isa = PBXBuildFile; fileRef = 27681CFB24A4451200600C93 /* QuickCheckIntentExtension.appex */; settings = {ATTRIBUTES = (RemoveHeadersOnCopy, ); }; };
		27681D1624A44A6600600C93 /* QuickCheckWidget.swift in Sources */ = {isa = PBXBuildFile; fileRef = 2744495924A2AF6800061ADA /* QuickCheckWidget.swift */; };
		27681D1724A44A6600600C93 /* QuickCheckWidget.intentdefinition in Sources */ = {isa = PBXBuildFile; fileRef = 27681CF424A443B800600C93 /* QuickCheckWidget.intentdefinition */; };
		27681D1824A44A6600600C93 /* QuickCheckWidget.swift in Sources */ = {isa = PBXBuildFile; fileRef = 2744495924A2AF6800061ADA /* QuickCheckWidget.swift */; };
		27681D1924A44A6600600C93 /* QuickCheckWidget.intentdefinition in Sources */ = {isa = PBXBuildFile; fileRef = 27681CF424A443B800600C93 /* QuickCheckWidget.intentdefinition */; };
		27681D1A24A44A6900600C93 /* IntentHandler.swift in Sources */ = {isa = PBXBuildFile; fileRef = 27681CFD24A4451300600C93 /* IntentHandler.swift */; };
		27681D1B24A44A6900600C93 /* IntentHandler.swift in Sources */ = {isa = PBXBuildFile; fileRef = 27681CFD24A4451300600C93 /* IntentHandler.swift */; };
		27681D1C24A44ABC00600C93 /* QuickCheckWidget.intentdefinition in Sources */ = {isa = PBXBuildFile; fileRef = 27681CF424A443B800600C93 /* QuickCheckWidget.intentdefinition */; };
		27681D1D24A44AD400600C93 /* IntentHandler.swift in Sources */ = {isa = PBXBuildFile; fileRef = 27681CFD24A4451300600C93 /* IntentHandler.swift */; };
/* End PBXBuildFile section */

/* Begin PBXContainerItemProxy section */
		2744496124A2AF6A00061ADA /* PBXContainerItemProxy */ = {
			isa = PBXContainerItemProxy;
			containerPortal = 2744491424A2AB6500061ADA /* Project object */;
			proxyType = 1;
			remoteGlobalIDString = 2744495424A2AF6800061ADA;
			remoteInfo = QuickCheckWidgetExtension;
		};
		27681D0024A4451300600C93 /* PBXContainerItemProxy */ = {
			isa = PBXContainerItemProxy;
			containerPortal = 2744491424A2AB6500061ADA /* Project object */;
			proxyType = 1;
			remoteGlobalIDString = 27681CFA24A4451200600C93;
			remoteInfo = QuickCheckIntentExtension;
		};
/* End PBXContainerItemProxy section */

/* Begin PBXCopyFilesBuildPhase section */
		2744495024A2AE3C00061ADA /* Embed App Extensions */ = {
			isa = PBXCopyFilesBuildPhase;
			buildActionMask = 2147483647;
			dstPath = "";
			dstSubfolderSpec = 13;
			files = (
				2744496324A2AF6A00061ADA /* QuickCheckWidgetExtension.appex in Embed App Extensions */,
				27681D0224A4451300600C93 /* QuickCheckIntentExtension.appex in Embed App Extensions */,
			);
			name = "Embed App Extensions";
			runOnlyForDeploymentPostprocessing = 0;
		};
/* End PBXCopyFilesBuildPhase section */

/* Begin PBXFileReference section */
		2744491924A2AB6600061ADA /* CoronaWidgetApp.swift */ = {isa = PBXFileReference; lastKnownFileType = sourcecode.swift; path = CoronaWidgetApp.swift; sourceTree = "<group>"; };
		2744491A24A2AB6600061ADA /* ContentView.swift */ = {isa = PBXFileReference; lastKnownFileType = sourcecode.swift; path = ContentView.swift; sourceTree = "<group>"; };
		2744491B24A2AB6700061ADA /* Assets.xcassets */ = {isa = PBXFileReference; lastKnownFileType = folder.assetcatalog; path = Assets.xcassets; sourceTree = "<group>"; };
		2744492024A2AB6700061ADA /* CoronaWidget.app */ = {isa = PBXFileReference; explicitFileType = wrapper.application; includeInIndex = 0; path = CoronaWidget.app; sourceTree = BUILT_PRODUCTS_DIR; };
		2744492324A2AB6700061ADA /* Info.plist */ = {isa = PBXFileReference; lastKnownFileType = text.plist.xml; path = Info.plist; sourceTree = "<group>"; };
		2744492824A2AB6700061ADA /* CoronaWidget.app */ = {isa = PBXFileReference; explicitFileType = wrapper.application; includeInIndex = 0; path = CoronaWidget.app; sourceTree = BUILT_PRODUCTS_DIR; };
		2744492A24A2AB6700061ADA /* Info.plist */ = {isa = PBXFileReference; lastKnownFileType = text.plist.xml; path = Info.plist; sourceTree = "<group>"; };
		2744492B24A2AB6700061ADA /* macOS.entitlements */ = {isa = PBXFileReference; lastKnownFileType = text.plist.entitlements; path = macOS.entitlements; sourceTree = "<group>"; };
		2744494024A2AE3B00061ADA /* WidgetKit.framework */ = {isa = PBXFileReference; lastKnownFileType = wrapper.framework; name = WidgetKit.framework; path = System/Library/Frameworks/WidgetKit.framework; sourceTree = SDKROOT; };
		2744494224A2AE3B00061ADA /* SwiftUI.framework */ = {isa = PBXFileReference; lastKnownFileType = wrapper.framework; name = SwiftUI.framework; path = System/Library/Frameworks/SwiftUI.framework; sourceTree = SDKROOT; };
		2744495524A2AF6800061ADA /* QuickCheckWidgetExtension.appex */ = {isa = PBXFileReference; explicitFileType = "wrapper.app-extension"; includeInIndex = 0; path = QuickCheckWidgetExtension.appex; sourceTree = BUILT_PRODUCTS_DIR; };
		2744495924A2AF6800061ADA /* QuickCheckWidget.swift */ = {isa = PBXFileReference; lastKnownFileType = sourcecode.swift; path = QuickCheckWidget.swift; sourceTree = "<group>"; };
		2744495C24A2AF6A00061ADA /* Assets.xcassets */ = {isa = PBXFileReference; lastKnownFileType = folder.assetcatalog; path = Assets.xcassets; sourceTree = "<group>"; };
		2744495E24A2AF6A00061ADA /* Info.plist */ = {isa = PBXFileReference; lastKnownFileType = text.plist.xml; path = Info.plist; sourceTree = "<group>"; };
		27681CF424A443B800600C93 /* QuickCheckWidget.intentdefinition */ = {isa = PBXFileReference; lastKnownFileType = file.intentdefinition; path = QuickCheckWidget.intentdefinition; sourceTree = "<group>"; };
		27681CFB24A4451200600C93 /* QuickCheckIntentExtension.appex */ = {isa = PBXFileReference; explicitFileType = "wrapper.app-extension"; includeInIndex = 0; path = QuickCheckIntentExtension.appex; sourceTree = BUILT_PRODUCTS_DIR; };
		27681CFD24A4451300600C93 /* IntentHandler.swift */ = {isa = PBXFileReference; lastKnownFileType = sourcecode.swift; path = IntentHandler.swift; sourceTree = "<group>"; };
		27681CFF24A4451300600C93 /* Info.plist */ = {isa = PBXFileReference; lastKnownFileType = text.plist.xml; path = Info.plist; sourceTree = "<group>"; };
/* End PBXFileReference section */

/* Begin PBXFrameworksBuildPhase section */
		2744491D24A2AB6700061ADA /* Frameworks */ = {
			isa = PBXFrameworksBuildPhase;
			buildActionMask = 2147483647;
			files = (
			);
			runOnlyForDeploymentPostprocessing = 0;
		};
		2744492524A2AB6700061ADA /* Frameworks */ = {
			isa = PBXFrameworksBuildPhase;
			buildActionMask = 2147483647;
			files = (
			);
			runOnlyForDeploymentPostprocessing = 0;
		};
		2744495224A2AF6800061ADA /* Frameworks */ = {
			isa = PBXFrameworksBuildPhase;
			buildActionMask = 2147483647;
			files = (
				2744495724A2AF6800061ADA /* SwiftUI.framework in Frameworks */,
				2744495624A2AF6800061ADA /* WidgetKit.framework in Frameworks */,
			);
			runOnlyForDeploymentPostprocessing = 0;
		};
		27681CF824A4451200600C93 /* Frameworks */ = {
			isa = PBXFrameworksBuildPhase;
			buildActionMask = 2147483647;
			files = (
			);
			runOnlyForDeploymentPostprocessing = 0;
		};
/* End PBXFrameworksBuildPhase section */

/* Begin PBXGroup section */
		2744491324A2AB6500061ADA = {
			isa = PBXGroup;
			children = (
				2744491824A2AB6600061ADA /* Shared */,
				2744492224A2AB6700061ADA /* iOS */,
				2744492924A2AB6700061ADA /* macOS */,
				2744495824A2AF6800061ADA /* QuickCheckWidget */,
				27681CFC24A4451300600C93 /* QuickCheckIntentExtension */,
				2744493F24A2AE3B00061ADA /* Frameworks */,
				2744492124A2AB6700061ADA /* Products */,
			);
			sourceTree = "<group>";
		};
		2744491824A2AB6600061ADA /* Shared */ = {
			isa = PBXGroup;
			children = (
				2744491924A2AB6600061ADA /* CoronaWidgetApp.swift */,
				2744491A24A2AB6600061ADA /* ContentView.swift */,
				2744491B24A2AB6700061ADA /* Assets.xcassets */,
			);
			path = Shared;
			sourceTree = "<group>";
		};
		2744492124A2AB6700061ADA /* Products */ = {
			isa = PBXGroup;
			children = (
				2744492024A2AB6700061ADA /* CoronaWidget.app */,
				2744492824A2AB6700061ADA /* CoronaWidget.app */,
				2744495524A2AF6800061ADA /* QuickCheckWidgetExtension.appex */,
				27681CFB24A4451200600C93 /* QuickCheckIntentExtension.appex */,
			);
			name = Products;
			sourceTree = "<group>";
		};
		2744492224A2AB6700061ADA /* iOS */ = {
			isa = PBXGroup;
			children = (
				2744492324A2AB6700061ADA /* Info.plist */,
			);
			path = iOS;
			sourceTree = "<group>";
		};
		2744492924A2AB6700061ADA /* macOS */ = {
			isa = PBXGroup;
			children = (
				2744492A24A2AB6700061ADA /* Info.plist */,
				2744492B24A2AB6700061ADA /* macOS.entitlements */,
			);
			path = macOS;
			sourceTree = "<group>";
		};
		2744493F24A2AE3B00061ADA /* Frameworks */ = {
			isa = PBXGroup;
			children = (
				2744494024A2AE3B00061ADA /* WidgetKit.framework */,
				2744494224A2AE3B00061ADA /* SwiftUI.framework */,
			);
			name = Frameworks;
			sourceTree = "<group>";
		};
		2744495824A2AF6800061ADA /* QuickCheckWidget */ = {
			isa = PBXGroup;
			children = (
				2744495924A2AF6800061ADA /* QuickCheckWidget.swift */,
				27681CF424A443B800600C93 /* QuickCheckWidget.intentdefinition */,
				2744495C24A2AF6A00061ADA /* Assets.xcassets */,
				2744495E24A2AF6A00061ADA /* Info.plist */,
			);
			path = QuickCheckWidget;
			sourceTree = "<group>";
		};
		27681CFC24A4451300600C93 /* QuickCheckIntentExtension */ = {
			isa = PBXGroup;
			children = (
				27681CFD24A4451300600C93 /* IntentHandler.swift */,
				27681CFF24A4451300600C93 /* Info.plist */,
			);
			path = QuickCheckIntentExtension;
			sourceTree = "<group>";
		};
/* End PBXGroup section */

/* Begin PBXNativeTarget section */
		2744491F24A2AB6700061ADA /* iOS */ = {
			isa = PBXNativeTarget;
			buildConfigurationList = 2744493424A2AB6700061ADA /* Build configuration list for PBXNativeTarget "iOS" */;
			buildPhases = (
				2744491C24A2AB6700061ADA /* Sources */,
				2744491D24A2AB6700061ADA /* Frameworks */,
				2744491E24A2AB6700061ADA /* Resources */,
				2744495024A2AE3C00061ADA /* Embed App Extensions */,
			);
			buildRules = (
			);
			dependencies = (
				2744496224A2AF6A00061ADA /* PBXTargetDependency */,
				27681D0124A4451300600C93 /* PBXTargetDependency */,
			);
			name = iOS;
			productName = iOS;
			productReference = 2744492024A2AB6700061ADA /* CoronaWidget.app */;
			productType = "com.apple.product-type.application";
		};
		2744492724A2AB6700061ADA /* macOS */ = {
			isa = PBXNativeTarget;
			buildConfigurationList = 2744493724A2AB6700061ADA /* Build configuration list for PBXNativeTarget "macOS" */;
			buildPhases = (
				2744492424A2AB6700061ADA /* Sources */,
				2744492524A2AB6700061ADA /* Frameworks */,
				2744492624A2AB6700061ADA /* Resources */,
			);
			buildRules = (
			);
			dependencies = (
			);
			name = macOS;
			productName = macOS;
			productReference = 2744492824A2AB6700061ADA /* CoronaWidget.app */;
			productType = "com.apple.product-type.application";
		};
		2744495424A2AF6800061ADA /* QuickCheckWidgetExtension */ = {
			isa = PBXNativeTarget;
			buildConfigurationList = 2744496424A2AF6A00061ADA /* Build configuration list for PBXNativeTarget "QuickCheckWidgetExtension" */;
			buildPhases = (
				2744495124A2AF6800061ADA /* Sources */,
				2744495224A2AF6800061ADA /* Frameworks */,
				2744495324A2AF6800061ADA /* Resources */,
			);
			buildRules = (
			);
			dependencies = (
			);
			name = QuickCheckWidgetExtension;
			productName = QuickCheckWidgetExtension;
			productReference = 2744495524A2AF6800061ADA /* QuickCheckWidgetExtension.appex */;
			productType = "com.apple.product-type.app-extension";
		};
		27681CFA24A4451200600C93 /* QuickCheckIntentExtension */ = {
			isa = PBXNativeTarget;
			buildConfigurationList = 27681D0324A4451300600C93 /* Build configuration list for PBXNativeTarget "QuickCheckIntentExtension" */;
			buildPhases = (
				27681CF724A4451200600C93 /* Sources */,
				27681CF824A4451200600C93 /* Frameworks */,
				27681CF924A4451200600C93 /* Resources */,
			);
			buildRules = (
			);
			dependencies = (
			);
			name = QuickCheckIntentExtension;
			productName = QuickCheckIntentExtension;
			productReference = 27681CFB24A4451200600C93 /* QuickCheckIntentExtension.appex */;
			productType = "com.apple.product-type.app-extension";
		};
/* End PBXNativeTarget section */

/* Begin PBXProject section */
		2744491424A2AB6500061ADA /* Project object */ = {
			isa = PBXProject;
			attributes = {
				LastSwiftUpdateCheck = 1200;
				LastUpgradeCheck = 1200;
				TargetAttributes = {
					2744491F24A2AB6700061ADA = {
						CreatedOnToolsVersion = 12.0;
					};
					2744492724A2AB6700061ADA = {
						CreatedOnToolsVersion = 12.0;
					};
					2744495424A2AF6800061ADA = {
						CreatedOnToolsVersion = 12.0;
					};
					27681CFA24A4451200600C93 = {
						CreatedOnToolsVersion = 12.0;
					};
				};
			};
			buildConfigurationList = 2744491724A2AB6500061ADA /* Build configuration list for PBXProject "CoronaWidget" */;
			compatibilityVersion = "Xcode 9.3";
			developmentRegion = en;
			hasScannedForEncodings = 0;
			knownRegions = (
				en,
				Base,
			);
			mainGroup = 2744491324A2AB6500061ADA;
			productRefGroup = 2744492124A2AB6700061ADA /* Products */;
			projectDirPath = "";
			projectRoot = "";
			targets = (
				2744491F24A2AB6700061ADA /* iOS */,
				2744492724A2AB6700061ADA /* macOS */,
				2744495424A2AF6800061ADA /* QuickCheckWidgetExtension */,
				27681CFA24A4451200600C93 /* QuickCheckIntentExtension */,
			);
		};
/* End PBXProject section */

/* Begin PBXResourcesBuildPhase section */
		2744491E24A2AB6700061ADA /* Resources */ = {
			isa = PBXResourcesBuildPhase;
			buildActionMask = 2147483647;
			files = (
				2744493024A2AB6700061ADA /* Assets.xcassets in Resources */,
			);
			runOnlyForDeploymentPostprocessing = 0;
		};
		2744492624A2AB6700061ADA /* Resources */ = {
			isa = PBXResourcesBuildPhase;
			buildActionMask = 2147483647;
			files = (
				2744493124A2AB6700061ADA /* Assets.xcassets in Resources */,
			);
			runOnlyForDeploymentPostprocessing = 0;
		};
		2744495324A2AF6800061ADA /* Resources */ = {
			isa = PBXResourcesBuildPhase;
			buildActionMask = 2147483647;
			files = (
			);
			runOnlyForDeploymentPostprocessing = 0;
		};
		27681CF924A4451200600C93 /* Resources */ = {
			isa = PBXResourcesBuildPhase;
			buildActionMask = 2147483647;
			files = (
			);
			runOnlyForDeploymentPostprocessing = 0;
		};
/* End PBXResourcesBuildPhase section */

/* Begin PBXSourcesBuildPhase section */
		2744491C24A2AB6700061ADA /* Sources */ = {
			isa = PBXSourcesBuildPhase;
			buildActionMask = 2147483647;
			files = (
				2744492E24A2AB6700061ADA /* ContentView.swift in Sources */,
				27681D1C24A44ABC00600C93 /* QuickCheckWidget.intentdefinition in Sources */,
				27681D1D24A44AD400600C93 /* IntentHandler.swift in Sources */,
				2744492C24A2AB6700061ADA /* CoronaWidgetApp.swift in Sources */,
			);
			runOnlyForDeploymentPostprocessing = 0;
		};
		2744492424A2AB6700061ADA /* Sources */ = {
			isa = PBXSourcesBuildPhase;
			buildActionMask = 2147483647;
			files = (
				2744492F24A2AB6700061ADA /* ContentView.swift in Sources */,
				2744492D24A2AB6700061ADA /* CoronaWidgetApp.swift in Sources */,
			);
			runOnlyForDeploymentPostprocessing = 0;
		};
		2744495124A2AF6800061ADA /* Sources */ = {
			isa = PBXSourcesBuildPhase;
			buildActionMask = 2147483647;
			files = (
				27681D1624A44A6600600C93 /* QuickCheckWidget.swift in Sources */,
				27681D1A24A44A6900600C93 /* IntentHandler.swift in Sources */,
				27681D1724A44A6600600C93 /* QuickCheckWidget.intentdefinition in Sources */,
			);
			runOnlyForDeploymentPostprocessing = 0;
		};
		27681CF724A4451200600C93 /* Sources */ = {
			isa = PBXSourcesBuildPhase;
			buildActionMask = 2147483647;
			files = (
				27681D1824A44A6600600C93 /* QuickCheckWidget.swift in Sources */,
				27681D1B24A44A6900600C93 /* IntentHandler.swift in Sources */,
				27681D1924A44A6600600C93 /* QuickCheckWidget.intentdefinition in Sources */,
			);
			runOnlyForDeploymentPostprocessing = 0;
		};
/* End PBXSourcesBuildPhase section */

/* Begin PBXTargetDependency section */
		2744496224A2AF6A00061ADA /* PBXTargetDependency */ = {
			isa = PBXTargetDependency;
			target = 2744495424A2AF6800061ADA /* QuickCheckWidgetExtension */;
			targetProxy = 2744496124A2AF6A00061ADA /* PBXContainerItemProxy */;
		};
		27681D0124A4451300600C93 /* PBXTargetDependency */ = {
			isa = PBXTargetDependency;
			target = 27681CFA24A4451200600C93 /* QuickCheckIntentExtension */;
			targetProxy = 27681D0024A4451300600C93 /* PBXContainerItemProxy */;
		};
/* End PBXTargetDependency section */

/* Begin XCBuildConfiguration section */
		2744493224A2AB6700061ADA /* Debug */ = {
			isa = XCBuildConfiguration;
			buildSettings = {
				ALWAYS_SEARCH_USER_PATHS = NO;
				CLANG_ANALYZER_NONNULL = YES;
				CLANG_ANALYZER_NUMBER_OBJECT_CONVERSION = YES_AGGRESSIVE;
				CLANG_CXX_LANGUAGE_STANDARD = "gnu++14";
				CLANG_CXX_LIBRARY = "libc++";
				CLANG_ENABLE_MODULES = YES;
				CLANG_ENABLE_OBJC_ARC = YES;
				CLANG_ENABLE_OBJC_WEAK = YES;
				CLANG_WARN_BLOCK_CAPTURE_AUTORELEASING = YES;
				CLANG_WARN_BOOL_CONVERSION = YES;
				CLANG_WARN_COMMA = YES;
				CLANG_WARN_CONSTANT_CONVERSION = YES;
				CLANG_WARN_DEPRECATED_OBJC_IMPLEMENTATIONS = YES;
				CLANG_WARN_DIRECT_OBJC_ISA_USAGE = YES_ERROR;
				CLANG_WARN_DOCUMENTATION_COMMENTS = YES;
				CLANG_WARN_EMPTY_BODY = YES;
				CLANG_WARN_ENUM_CONVERSION = YES;
				CLANG_WARN_INFINITE_RECURSION = YES;
				CLANG_WARN_INT_CONVERSION = YES;
				CLANG_WARN_NON_LITERAL_NULL_CONVERSION = YES;
				CLANG_WARN_OBJC_IMPLICIT_RETAIN_SELF = YES;
				CLANG_WARN_OBJC_LITERAL_CONVERSION = YES;
				CLANG_WARN_OBJC_ROOT_CLASS = YES_ERROR;
				CLANG_WARN_QUOTED_INCLUDE_IN_FRAMEWORK_HEADER = YES;
				CLANG_WARN_RANGE_LOOP_ANALYSIS = YES;
				CLANG_WARN_STRICT_PROTOTYPES = YES;
				CLANG_WARN_SUSPICIOUS_MOVE = YES;
				CLANG_WARN_UNGUARDED_AVAILABILITY = YES_AGGRESSIVE;
				CLANG_WARN_UNREACHABLE_CODE = YES;
				CLANG_WARN__DUPLICATE_METHOD_MATCH = YES;
				COPY_PHASE_STRIP = NO;
				DEBUG_INFORMATION_FORMAT = dwarf;
				ENABLE_STRICT_OBJC_MSGSEND = YES;
				ENABLE_TESTABILITY = YES;
				GCC_C_LANGUAGE_STANDARD = gnu11;
				GCC_DYNAMIC_NO_PIC = NO;
				GCC_NO_COMMON_BLOCKS = YES;
				GCC_OPTIMIZATION_LEVEL = 0;
				GCC_PREPROCESSOR_DEFINITIONS = (
					"DEBUG=1",
					"$(inherited)",
				);
				GCC_WARN_64_TO_32_BIT_CONVERSION = YES;
				GCC_WARN_ABOUT_RETURN_TYPE = YES_ERROR;
				GCC_WARN_UNDECLARED_SELECTOR = YES;
				GCC_WARN_UNINITIALIZED_AUTOS = YES_AGGRESSIVE;
				GCC_WARN_UNUSED_FUNCTION = YES;
				GCC_WARN_UNUSED_VARIABLE = YES;
				MTL_ENABLE_DEBUG_INFO = INCLUDE_SOURCE;
				MTL_FAST_MATH = YES;
				ONLY_ACTIVE_ARCH = YES;
				SWIFT_ACTIVE_COMPILATION_CONDITIONS = DEBUG;
				SWIFT_OPTIMIZATION_LEVEL = "-Onone";
			};
			name = Debug;
		};
		2744493324A2AB6700061ADA /* Release */ = {
			isa = XCBuildConfiguration;
			buildSettings = {
				ALWAYS_SEARCH_USER_PATHS = NO;
				CLANG_ANALYZER_NONNULL = YES;
				CLANG_ANALYZER_NUMBER_OBJECT_CONVERSION = YES_AGGRESSIVE;
				CLANG_CXX_LANGUAGE_STANDARD = "gnu++14";
				CLANG_CXX_LIBRARY = "libc++";
				CLANG_ENABLE_MODULES = YES;
				CLANG_ENABLE_OBJC_ARC = YES;
				CLANG_ENABLE_OBJC_WEAK = YES;
				CLANG_WARN_BLOCK_CAPTURE_AUTORELEASING = YES;
				CLANG_WARN_BOOL_CONVERSION = YES;
				CLANG_WARN_COMMA = YES;
				CLANG_WARN_CONSTANT_CONVERSION = YES;
				CLANG_WARN_DEPRECATED_OBJC_IMPLEMENTATIONS = YES;
				CLANG_WARN_DIRECT_OBJC_ISA_USAGE = YES_ERROR;
				CLANG_WARN_DOCUMENTATION_COMMENTS = YES;
				CLANG_WARN_EMPTY_BODY = YES;
				CLANG_WARN_ENUM_CONVERSION = YES;
				CLANG_WARN_INFINITE_RECURSION = YES;
				CLANG_WARN_INT_CONVERSION = YES;
				CLANG_WARN_NON_LITERAL_NULL_CONVERSION = YES;
				CLANG_WARN_OBJC_IMPLICIT_RETAIN_SELF = YES;
				CLANG_WARN_OBJC_LITERAL_CONVERSION = YES;
				CLANG_WARN_OBJC_ROOT_CLASS = YES_ERROR;
				CLANG_WARN_QUOTED_INCLUDE_IN_FRAMEWORK_HEADER = YES;
				CLANG_WARN_RANGE_LOOP_ANALYSIS = YES;
				CLANG_WARN_STRICT_PROTOTYPES = YES;
				CLANG_WARN_SUSPICIOUS_MOVE = YES;
				CLANG_WARN_UNGUARDED_AVAILABILITY = YES_AGGRESSIVE;
				CLANG_WARN_UNREACHABLE_CODE = YES;
				CLANG_WARN__DUPLICATE_METHOD_MATCH = YES;
				COPY_PHASE_STRIP = NO;
				DEBUG_INFORMATION_FORMAT = "dwarf-with-dsym";
				ENABLE_NS_ASSERTIONS = NO;
				ENABLE_STRICT_OBJC_MSGSEND = YES;
				GCC_C_LANGUAGE_STANDARD = gnu11;
				GCC_NO_COMMON_BLOCKS = YES;
				GCC_WARN_64_TO_32_BIT_CONVERSION = YES;
				GCC_WARN_ABOUT_RETURN_TYPE = YES_ERROR;
				GCC_WARN_UNDECLARED_SELECTOR = YES;
				GCC_WARN_UNINITIALIZED_AUTOS = YES_AGGRESSIVE;
				GCC_WARN_UNUSED_FUNCTION = YES;
				GCC_WARN_UNUSED_VARIABLE = YES;
				MTL_ENABLE_DEBUG_INFO = NO;
				MTL_FAST_MATH = YES;
				SWIFT_COMPILATION_MODE = wholemodule;
				SWIFT_OPTIMIZATION_LEVEL = "-O";
			};
			name = Release;
		};
		2744493524A2AB6700061ADA /* Debug */ = {
			isa = XCBuildConfiguration;
			buildSettings = {
				ALWAYS_EMBED_SWIFT_STANDARD_LIBRARIES = YES;
				ASSETCATALOG_COMPILER_APPICON_NAME = AppIcon;
				ASSETCATALOG_COMPILER_GLOBAL_ACCENT_COLOR_NAME = AccentColor;
				CODE_SIGN_STYLE = Automatic;
				DEVELOPMENT_TEAM = X9NAXV39HG;
				ENABLE_PREVIEWS = YES;
				INFOPLIST_FILE = iOS/Info.plist;
				IPHONEOS_DEPLOYMENT_TARGET = 14.0;
				LD_RUNPATH_SEARCH_PATHS = (
					"$(inherited)",
					"@executable_path/Frameworks",
				);
				PRODUCT_BUNDLE_IDENTIFIER = com.joogps.CoronaWidget;
				PRODUCT_NAME = CoronaWidget;
				SDKROOT = iphoneos;
				SWIFT_VERSION = 5.0;
				TARGETED_DEVICE_FAMILY = "1,2";
			};
			name = Debug;
		};
		2744493624A2AB6700061ADA /* Release */ = {
			isa = XCBuildConfiguration;
			buildSettings = {
				ALWAYS_EMBED_SWIFT_STANDARD_LIBRARIES = YES;
				ASSETCATALOG_COMPILER_APPICON_NAME = AppIcon;
				ASSETCATALOG_COMPILER_GLOBAL_ACCENT_COLOR_NAME = AccentColor;
				CODE_SIGN_STYLE = Automatic;
				DEVELOPMENT_TEAM = X9NAXV39HG;
				ENABLE_PREVIEWS = YES;
				INFOPLIST_FILE = iOS/Info.plist;
				IPHONEOS_DEPLOYMENT_TARGET = 14.0;
				LD_RUNPATH_SEARCH_PATHS = (
					"$(inherited)",
					"@executable_path/Frameworks",
				);
				PRODUCT_BUNDLE_IDENTIFIER = com.joogps.CoronaWidget;
				PRODUCT_NAME = CoronaWidget;
				SDKROOT = iphoneos;
				SWIFT_VERSION = 5.0;
				TARGETED_DEVICE_FAMILY = "1,2";
				VALIDATE_PRODUCT = YES;
			};
			name = Release;
		};
		2744493824A2AB6700061ADA /* Debug */ = {
			isa = XCBuildConfiguration;
			buildSettings = {
				ASSETCATALOG_COMPILER_APPICON_NAME = AppIcon;
				ASSETCATALOG_COMPILER_GLOBAL_ACCENT_COLOR_NAME = AccentColor;
				CODE_SIGN_ENTITLEMENTS = macOS/macOS.entitlements;
				CODE_SIGN_STYLE = Automatic;
				COMBINE_HIDPI_IMAGES = YES;
				DEVELOPMENT_TEAM = X9NAXV39HG;
				ENABLE_HARDENED_RUNTIME = YES;
				ENABLE_PREVIEWS = YES;
				INFOPLIST_FILE = macOS/Info.plist;
				LD_RUNPATH_SEARCH_PATHS = (
					"$(inherited)",
					"@executable_path/../Frameworks",
				);
				MACOSX_DEPLOYMENT_TARGET = 10.16;
				PRODUCT_BUNDLE_IDENTIFIER = com.joogps.CoronaWidget;
				PRODUCT_NAME = CoronaWidget;
				SDKROOT = macosx;
				SWIFT_VERSION = 5.0;
			};
			name = Debug;
		};
		2744493924A2AB6700061ADA /* Release */ = {
			isa = XCBuildConfiguration;
			buildSettings = {
				ASSETCATALOG_COMPILER_APPICON_NAME = AppIcon;
				ASSETCATALOG_COMPILER_GLOBAL_ACCENT_COLOR_NAME = AccentColor;
				CODE_SIGN_ENTITLEMENTS = macOS/macOS.entitlements;
				CODE_SIGN_STYLE = Automatic;
				COMBINE_HIDPI_IMAGES = YES;
				DEVELOPMENT_TEAM = X9NAXV39HG;
				ENABLE_HARDENED_RUNTIME = YES;
				ENABLE_PREVIEWS = YES;
				INFOPLIST_FILE = macOS/Info.plist;
				LD_RUNPATH_SEARCH_PATHS = (
					"$(inherited)",
					"@executable_path/../Frameworks",
				);
				MACOSX_DEPLOYMENT_TARGET = 10.16;
				PRODUCT_BUNDLE_IDENTIFIER = com.joogps.CoronaWidget;
				PRODUCT_NAME = CoronaWidget;
				SDKROOT = macosx;
				SWIFT_VERSION = 5.0;
			};
			name = Release;
		};
		2744496524A2AF6A00061ADA /* Debug */ = {
			isa = XCBuildConfiguration;
			buildSettings = {
				ASSETCATALOG_COMPILER_GLOBAL_ACCENT_COLOR_NAME = AccentColor;
				ASSETCATALOG_COMPILER_WIDGET_BACKGROUND_COLOR_NAME = WidgetBackground;
				CODE_SIGN_STYLE = Automatic;
				DEVELOPMENT_TEAM = X9NAXV39HG;
				INFOPLIST_FILE = QuickCheckWidget/Info.plist;
				IPHONEOS_DEPLOYMENT_TARGET = 14.0;
				LD_RUNPATH_SEARCH_PATHS = (
					"$(inherited)",
					"@executable_path/Frameworks",
					"@executable_path/../../Frameworks",
				);
				PRODUCT_BUNDLE_IDENTIFIER = com.joogps.CoronaWidget.QuickCheckWidget;
				PRODUCT_NAME = "$(TARGET_NAME)";
				SDKROOT = iphoneos;
				SKIP_INSTALL = YES;
				SWIFT_VERSION = 5.0;
				TARGETED_DEVICE_FAMILY = "1,2";
			};
			name = Debug;
		};
		2744496624A2AF6A00061ADA /* Release */ = {
			isa = XCBuildConfiguration;
			buildSettings = {
				ASSETCATALOG_COMPILER_GLOBAL_ACCENT_COLOR_NAME = AccentColor;
				ASSETCATALOG_COMPILER_WIDGET_BACKGROUND_COLOR_NAME = WidgetBackground;
				CODE_SIGN_STYLE = Automatic;
				DEVELOPMENT_TEAM = X9NAXV39HG;
				INFOPLIST_FILE = QuickCheckWidget/Info.plist;
				IPHONEOS_DEPLOYMENT_TARGET = 14.0;
				LD_RUNPATH_SEARCH_PATHS = (
					"$(inherited)",
					"@executable_path/Frameworks",
					"@executable_path/../../Frameworks",
				);
				PRODUCT_BUNDLE_IDENTIFIER = com.joogps.CoronaWidget.QuickCheckWidget;
				PRODUCT_NAME = "$(TARGET_NAME)";
				SDKROOT = iphoneos;
				SKIP_INSTALL = YES;
				SWIFT_VERSION = 5.0;
				TARGETED_DEVICE_FAMILY = "1,2";
				VALIDATE_PRODUCT = YES;
			};
			name = Release;
		};
		27681D0424A4451300600C93 /* Debug */ = {
			isa = XCBuildConfiguration;
			buildSettings = {
				CODE_SIGN_STYLE = Automatic;
				DEVELOPMENT_TEAM = X9NAXV39HG;
				INFOPLIST_FILE = QuickCheckIntentExtension/Info.plist;
				IPHONEOS_DEPLOYMENT_TARGET = 14.0;
				LD_RUNPATH_SEARCH_PATHS = (
					"$(inherited)",
					"@executable_path/Frameworks",
					"@executable_path/../../Frameworks",
				);
				PRODUCT_BUNDLE_IDENTIFIER = com.joogps.CoronaWidget.QuickCheckIntentExtension;
				PRODUCT_NAME = "$(TARGET_NAME)";
				SDKROOT = iphoneos;
				SKIP_INSTALL = YES;
				SWIFT_VERSION = 5.0;
				TARGETED_DEVICE_FAMILY = "1,2";
			};
			name = Debug;
		};
		27681D0524A4451300600C93 /* Release */ = {
			isa = XCBuildConfiguration;
			buildSettings = {
				CODE_SIGN_STYLE = Automatic;
				DEVELOPMENT_TEAM = X9NAXV39HG;
				INFOPLIST_FILE = QuickCheckIntentExtension/Info.plist;
				IPHONEOS_DEPLOYMENT_TARGET = 14.0;
				LD_RUNPATH_SEARCH_PATHS = (
					"$(inherited)",
					"@executable_path/Frameworks",
					"@executable_path/../../Frameworks",
				);
				PRODUCT_BUNDLE_IDENTIFIER = com.joogps.CoronaWidget.QuickCheckIntentExtension;
				PRODUCT_NAME = "$(TARGET_NAME)";
				SDKROOT = iphoneos;
				SKIP_INSTALL = YES;
				SWIFT_VERSION = 5.0;
				TARGETED_DEVICE_FAMILY = "1,2";
				VALIDATE_PRODUCT = YES;
			};
			name = Release;
		};
/* End XCBuildConfiguration section */

/* Begin XCConfigurationList section */
		2744491724A2AB6500061ADA /* Build configuration list for PBXProject "CoronaWidget" */ = {
			isa = XCConfigurationList;
			buildConfigurations = (
				2744493224A2AB6700061ADA /* Debug */,
				2744493324A2AB6700061ADA /* Release */,
			);
			defaultConfigurationIsVisible = 0;
			defaultConfigurationName = Release;
		};
		2744493424A2AB6700061ADA /* Build configuration list for PBXNativeTarget "iOS" */ = {
			isa = XCConfigurationList;
			buildConfigurations = (
				2744493524A2AB6700061ADA /* Debug */,
				2744493624A2AB6700061ADA /* Release */,
			);
			defaultConfigurationIsVisible = 0;
			defaultConfigurationName = Release;
		};
		2744493724A2AB6700061ADA /* Build configuration list for PBXNativeTarget "macOS" */ = {
			isa = XCConfigurationList;
			buildConfigurations = (
				2744493824A2AB6700061ADA /* Debug */,
				2744493924A2AB6700061ADA /* Release */,
			);
			defaultConfigurationIsVisible = 0;
			defaultConfigurationName = Release;
		};
		2744496424A2AF6A00061ADA /* Build configuration list for PBXNativeTarget "QuickCheckWidgetExtension" */ = {
			isa = XCConfigurationList;
			buildConfigurations = (
				2744496524A2AF6A00061ADA /* Debug */,
				2744496624A2AF6A00061ADA /* Release */,
			);
			defaultConfigurationIsVisible = 0;
			defaultConfigurationName = Release;
		};
		27681D0324A4451300600C93 /* Build configuration list for PBXNativeTarget "QuickCheckIntentExtension" */ = {
			isa = XCConfigurationList;
			buildConfigurations = (
				27681D0424A4451300600C93 /* Debug */,
				27681D0524A4451300600C93 /* Release */,
			);
			defaultConfigurationIsVisible = 0;
			defaultConfigurationName = Release;
		};
/* End XCConfigurationList section */
	};
	rootObject = 2744491424A2AB6500061ADA /* Project object */;
}
